version: 2.0
shards:
  baked_file_system:
    git: https://github.com/schovi/baked_file_system.git
    version: 0.10.0+git.commit.ea0b659f43d7ce00bde66e8a87eeb4d5a112621b

  cling:
    git: https://github.com/devnote-dev/cling.git
    version: 3.0.0

  cor:
    git: https://github.com/watzon/cor.git
    version: 0.1.0+git.commit.9c9e51ac6168f3bd4fdc51d679b65de09ef76cac

  ioctl:
    git: https://github.com/crystal-posix/ioctl.cr.git
    version: 1.0.0

  term-cursor:
    git: https://github.com/crystal-term/cursor.git
    version: 0.1.0+git.commit.6bbe0a27a423bc4e0239a051afca05fd36b47e0a

  term-prompt:
    git: https://github.com/crystal-term/prompt.git
    version: 0.1.0+git.commit.40918abe27dcba10b6f0cfed2e33a01b2a336733

  term-reader:
    git: https://github.com/crystal-term/reader.git
    version: 0.1.0+git.commit.83adad4a77115dc08efad8057cda3e399d0f1a24

  term-screen:
    git: https://github.com/crystal-term/screen.git
    version: 0.1.0+git.commit.8fdecd58ace9e981280b79dc6b16179b173e630b

  xdg:
    git: https://github.com/dsisnero/xdg.git
    version: 0.1.0+git.commit.71ad7239c2fe808e52558bc72c3798dc9abfbcaf

